
Microsoft Visual Studio Solution File, Format Version 12.00
# Visual Studio Version 17
VisualStudioVersion = 17.4.33213.308
MinimumVisualStudioVersion = 10.0.40219.1
Project("{FAE04EC0-301F-11D3-BF4B-00C04F79EFBC}") = "Model", "Model\Model.csproj", "{62AE8551-7E28-4EEA-81EF-8A1C18E8F143}"
EndProject
Project("{FAE04EC0-301F-11D3-BF4B-00C04F79EFBC}") = "ViewModel", "ViewModel\ViewModel.csproj", "{7AE12163-C9AD-4349-8E22-DF9D78C9F862}"
EndProject
Project("{FAE04EC0-301F-11D3-BF4B-00C04F79EFBC}") = "View", "View\View.csproj", "{0453E670-27AA-4219-A8E3-5A7D00271F42}"
EndProject
Global
	GlobalSection(SolutionConfigurationPlatforms) = preSolution
		Debug|Any CPU = Debug|Any CPU
		Release|Any CPU = Release|Any CPU
	EndGlobalSection
	GlobalSection(ProjectConfigurationPlatforms) = postSolution
		{62AE8551-7E28-4EEA-81EF-8A1C18E8F143}.Debug|Any CPU.ActiveCfg = Debug|Any CPU
		{62AE8551-7E28-4EEA-81EF-8A1C18E8F143}.Debug|Any CPU.Build.0 = Debug|Any CPU
		{62AE8551-7E28-4EEA-81EF-8A1C18E8F143}.Release|Any CPU.ActiveCfg = Release|Any CPU
		{62AE8551-7E28-4EEA-81EF-8A1C18E8F143}.Release|Any CPU.Build.0 = Release|Any CPU
		{7AE12163-C9AD-4349-8E22-DF9D78C9F862}.Debug|Any CPU.ActiveCfg = Debug|Any CPU
		{7AE12163-C9AD-4349-8E22-DF9D78C9F862}.Debug|Any CPU.Build.0 = Debug|Any CPU
		{7AE12163-C9AD-4349-8E22-DF9D78C9F862}.Release|Any CPU.ActiveCfg = Release|Any CPU
		{7AE12163-C9AD-4349-8E22-DF9D78C9F862}.Release|Any CPU.Build.0 = Release|Any CPU
		{0453E670-27AA-4219-A8E3-5A7D00271F42}.Debug|Any CPU.ActiveCfg = Debug|Any CPU
		{0453E670-27AA-4219-A8E3-5A7D00271F42}.Debug|Any CPU.Build.0 = Debug|Any CPU
		{0453E670-27AA-4219-A8E3-5A7D00271F42}.Release|Any CPU.ActiveCfg = Release|Any CPU
		{0453E670-27AA-4219-A8E3-5A7D00271F42}.Release|Any CPU.Build.0 = Release|Any CPU
	EndGlobalSection
	GlobalSection(SolutionProperties) = preSolution
		HideSolutionNode = FALSE
	EndGlobalSection
	GlobalSection(ExtensibilityGlobals) = postSolution
		SolutionGuid = {F55B256D-B40A-4EC8-8AC5-4C9DEB451E25}
	EndGlobalSection
EndGlobal
